// !$*UTF8*$!
{
	archiveVersion = 1;
	classes = {
	};
	objectVersion = 56;
	objects = {

/* Begin PBXBuildFile section */
		CE10886E2A7BE45600689958 /* ConfirmEraseItemsMessage.swift in Sources */ = {isa = PBXBuildFile; fileRef = CE10886D2A7BE45600689958 /* ConfirmEraseItemsMessage.swift */; };
		CE1088702A7C05B500689958 /* ConfirmFileImportMessage.swift in Sources */ = {isa = PBXBuildFile; fileRef = CE10886F2A7C05B500689958 /* ConfirmFileImportMessage.swift */; };
		CE24FD652A857138005C9FB6 /* ShowLicenseAgreement.swift in Sources */ = {isa = PBXBuildFile; fileRef = CE24FD642A857138005C9FB6 /* ShowLicenseAgreement.swift */; };
		CE24FD672A857505005C9FB6 /* Assets.xcassets in Resources */ = {isa = PBXBuildFile; fileRef = CE24FD662A857505005C9FB6 /* Assets.xcassets */; };
		CE24FD692A858AE2005C9FB6 /* ShowPartDetail.swift in Sources */ = {isa = PBXBuildFile; fileRef = CE24FD682A858AE2005C9FB6 /* ShowPartDetail.swift */; };
		CE24FD6D2A86863C005C9FB6 /* FullScreenCover.swift in Sources */ = {isa = PBXBuildFile; fileRef = CE24FD6C2A86863C005C9FB6 /* FullScreenCover.swift */; };
		CE24FD6F2A868EA3005C9FB6 /* FullScreenCoverItemOnDismissContent.swift in Sources */ = {isa = PBXBuildFile; fileRef = CE24FD6E2A868EA3005C9FB6 /* FullScreenCoverItemOnDismissContent.swift */; };
		CE3ABDD62A8CE19F0065CE5D /* PopoverExample.swift in Sources */ = {isa = PBXBuildFile; fileRef = CE3ABDD52A8CE19F0065CE5D /* PopoverExample.swift */; };
		CE3ABDD82A8E628D0065CE5D /* PopoverExampleItem.swift in Sources */ = {isa = PBXBuildFile; fileRef = CE3ABDD72A8E628D0065CE5D /* PopoverExampleItem.swift */; };
		CE3ABDDB2A8FB6DA0065CE5D /* PresentationInteractiveDismiss.swift in Sources */ = {isa = PBXBuildFile; fileRef = CE3ABDDA2A8FB6DA0065CE5D /* PresentationInteractiveDismiss.swift */; };
		CEA3EE312A702FC400E829DA /* DocsExampleApp.swift in Sources */ = {isa = PBXBuildFile; fileRef = CEA3EE302A702FC400E829DA /* DocsExampleApp.swift */; };
		CEA3EE332A702FC400E829DA /* ContentView.swift in Sources */ = {isa = PBXBuildFile; fileRef = CEA3EE322A702FC400E829DA /* ContentView.swift */; };
		CEA3EE382A702FC700E829DA /* Preview Assets.xcassets in Resources */ = {isa = PBXBuildFile; fileRef = CEA3EE372A702FC700E829DA /* Preview Assets.xcassets */; };
		CEA3EE412A70357300E829DA /* AlertWithErrorView.swift in Sources */ = {isa = PBXBuildFile; fileRef = CEA3EE402A70357300E829DA /* AlertWithErrorView.swift */; };
		CEA3EE432A7036BD00E829DA /* AlertLocalizedError.swift in Sources */ = {isa = PBXBuildFile; fileRef = CEA3EE422A7036BC00E829DA /* AlertLocalizedError.swift */; };
		CEA3EE462A71561300E829DA /* AlertMessageView.swift in Sources */ = {isa = PBXBuildFile; fileRef = CEA3EE452A71561300E829DA /* AlertMessageView.swift */; };
		CEA3EE4A2A715F8600E829DA /* AlertDataModel.swift in Sources */ = {isa = PBXBuildFile; fileRef = CEA3EE492A715F8600E829DA /* AlertDataModel.swift */; };
		CEA3EE4C2A71600C00E829DA /* SaveDetails.swift in Sources */ = {isa = PBXBuildFile; fileRef = CEA3EE4B2A71600C00E829DA /* SaveDetails.swift */; };
		CEA3EE4F2A7161DA00E829DA /* SaveButton.swift in Sources */ = {isa = PBXBuildFile; fileRef = CEA3EE4E2A7161DA00E829DA /* SaveButton.swift */; };
		CEA3EE512A71676D00E829DA /* TicketPurchase.swift in Sources */ = {isa = PBXBuildFile; fileRef = CEA3EE502A71676D00E829DA /* TicketPurchase.swift */; };
		CEA3EE542A72E2CA00E829DA /* ConfirmEraseItems.swift in Sources */ = {isa = PBXBuildFile; fileRef = CEA3EE532A72E2CA00E829DA /* ConfirmEraseItems.swift */; };
		CEA3EE562A76A04A00E829DA /* ConfirmFileImport.swift in Sources */ = {isa = PBXBuildFile; fileRef = CEA3EE552A76A04900E829DA /* ConfirmFileImport.swift */; };
		CEB38C232A9397EC00F2C118 /* PresentationBackground.swift in Sources */ = {isa = PBXBuildFile; fileRef = CEB38C222A9397EC00F2C118 /* PresentationBackground.swift */; };
		CEE2EF9F2A90B37900391EA9 /* PresentationDetents.swift in Sources */ = {isa = PBXBuildFile; fileRef = CEE2EF9E2A90B37900391EA9 /* PresentationDetents.swift */; };
/* End PBXBuildFile section */

/* Begin PBXFileReference section */
		CE10886D2A7BE45600689958 /* ConfirmEraseItemsMessage.swift */ = {isa = PBXFileReference; lastKnownFileType = sourcecode.swift; path = ConfirmEraseItemsMessage.swift; sourceTree = "<group>"; };
		CE10886F2A7C05B500689958 /* ConfirmFileImportMessage.swift */ = {isa = PBXFileReference; lastKnownFileType = sourcecode.swift; path = ConfirmFileImportMessage.swift; sourceTree = "<group>"; };
		CE24FD642A857138005C9FB6 /* ShowLicenseAgreement.swift */ = {isa = PBXFileReference; lastKnownFileType = sourcecode.swift; path = ShowLicenseAgreement.swift; sourceTree = "<group>"; };
		CE24FD662A857505005C9FB6 /* Assets.xcassets */ = {isa = PBXFileReference; lastKnownFileType = folder.assetcatalog; path = Assets.xcassets; sourceTree = "<group>"; };
		CE24FD682A858AE2005C9FB6 /* ShowPartDetail.swift */ = {isa = PBXFileReference; lastKnownFileType = sourcecode.swift; path = ShowPartDetail.swift; sourceTree = "<group>"; };
		CE24FD6C2A86863C005C9FB6 /* FullScreenCover.swift */ = {isa = PBXFileReference; lastKnownFileType = sourcecode.swift; path = FullScreenCover.swift; sourceTree = "<group>"; };
		CE24FD6E2A868EA3005C9FB6 /* FullScreenCoverItemOnDismissContent.swift */ = {isa = PBXFileReference; lastKnownFileType = sourcecode.swift; path = FullScreenCoverItemOnDismissContent.swift; sourceTree = "<group>"; };
		CE3ABDD52A8CE19F0065CE5D /* PopoverExample.swift */ = {isa = PBXFileReference; lastKnownFileType = sourcecode.swift; path = PopoverExample.swift; sourceTree = "<group>"; };
		CE3ABDD72A8E628D0065CE5D /* PopoverExampleItem.swift */ = {isa = PBXFileReference; lastKnownFileType = sourcecode.swift; path = PopoverExampleItem.swift; sourceTree = "<group>"; };
		CE3ABDDA2A8FB6DA0065CE5D /* PresentationInteractiveDismiss.swift */ = {isa = PBXFileReference; lastKnownFileType = sourcecode.swift; path = PresentationInteractiveDismiss.swift; sourceTree = "<group>"; };
		CEA3EE2D2A702FC400E829DA /* DocsExample.app */ = {isa = PBXFileReference; explicitFileType = wrapper.application; includeInIndex = 0; path = DocsExample.app; sourceTree = BUILT_PRODUCTS_DIR; };
		CEA3EE302A702FC400E829DA /* DocsExampleApp.swift */ = {isa = PBXFileReference; lastKnownFileType = sourcecode.swift; path = DocsExampleApp.swift; sourceTree = "<group>"; };
		CEA3EE322A702FC400E829DA /* ContentView.swift */ = {isa = PBXFileReference; lastKnownFileType = sourcecode.swift; path = ContentView.swift; sourceTree = "<group>"; };
		CEA3EE372A702FC700E829DA /* Preview Assets.xcassets */ = {isa = PBXFileReference; lastKnownFileType = folder.assetcatalog; path = "Preview Assets.xcassets"; sourceTree = "<group>"; };
		CEA3EE402A70357300E829DA /* AlertWithErrorView.swift */ = {isa = PBXFileReference; lastKnownFileType = sourcecode.swift; path = AlertWithErrorView.swift; sourceTree = "<group>"; };
		CEA3EE422A7036BC00E829DA /* AlertLocalizedError.swift */ = {isa = PBXFileReference; lastKnownFileType = sourcecode.swift; path = AlertLocalizedError.swift; sourceTree = "<group>"; };
		CEA3EE452A71561300E829DA /* AlertMessageView.swift */ = {isa = PBXFileReference; lastKnownFileType = sourcecode.swift; path = AlertMessageView.swift; sourceTree = "<group>"; };
		CEA3EE492A715F8600E829DA /* AlertDataModel.swift */ = {isa = PBXFileReference; lastKnownFileType = sourcecode.swift; path = AlertDataModel.swift; sourceTree = "<group>"; };
		CEA3EE4B2A71600C00E829DA /* SaveDetails.swift */ = {isa = PBXFileReference; lastKnownFileType = sourcecode.swift; path = SaveDetails.swift; sourceTree = "<group>"; };
		CEA3EE4E2A7161DA00E829DA /* SaveButton.swift */ = {isa = PBXFileReference; lastKnownFileType = sourcecode.swift; path = SaveButton.swift; sourceTree = "<group>"; };
		CEA3EE502A71676D00E829DA /* TicketPurchase.swift */ = {isa = PBXFileReference; lastKnownFileType = sourcecode.swift; path = TicketPurchase.swift; sourceTree = "<group>"; };
		CEA3EE532A72E2CA00E829DA /* ConfirmEraseItems.swift */ = {isa = PBXFileReference; lastKnownFileType = sourcecode.swift; path = ConfirmEraseItems.swift; sourceTree = "<group>"; };
		CEA3EE552A76A04900E829DA /* ConfirmFileImport.swift */ = {isa = PBXFileReference; lastKnownFileType = sourcecode.swift; path = ConfirmFileImport.swift; sourceTree = "<group>"; };
		CEB38C222A9397EC00F2C118 /* PresentationBackground.swift */ = {isa = PBXFileReference; lastKnownFileType = sourcecode.swift; path = PresentationBackground.swift; sourceTree = "<group>"; };
		CEE2EF9E2A90B37900391EA9 /* PresentationDetents.swift */ = {isa = PBXFileReference; lastKnownFileType = sourcecode.swift; path = PresentationDetents.swift; sourceTree = "<group>"; };
/* End PBXFileReference section */

/* Begin PBXFrameworksBuildPhase section */
		CEA3EE2A2A702FC400E829DA /* Frameworks */ = {
			isa = PBXFrameworksBuildPhase;
			buildActionMask = 2147483647;
			files = (
			);
			runOnlyForDeploymentPostprocessing = 0;
		};
/* End PBXFrameworksBuildPhase section */

/* Begin PBXGroup section */
		CE10886C2A7BE13300689958 /* ConfirmationDialog */ = {
			isa = PBXGroup;
			children = (
				CEA3EE532A72E2CA00E829DA /* ConfirmEraseItems.swift */,
				CE10886D2A7BE45600689958 /* ConfirmEraseItemsMessage.swift */,
				CEA3EE552A76A04900E829DA /* ConfirmFileImport.swift */,
				CE10886F2A7C05B500689958 /* ConfirmFileImportMessage.swift */,
			);
			path = ConfirmationDialog;
			sourceTree = "<group>";
		};
		CE24FD702A8691F4005C9FB6 /* Sheets */ = {
			isa = PBXGroup;
			children = (
				CE24FD642A857138005C9FB6 /* ShowLicenseAgreement.swift */,
				CE24FD682A858AE2005C9FB6 /* ShowPartDetail.swift */,
			);
			path = Sheets;
			sourceTree = "<group>";
		};
		CE24FD712A869207005C9FB6 /* FullScreenCover */ = {
			isa = PBXGroup;
			children = (
				CE24FD6C2A86863C005C9FB6 /* FullScreenCover.swift */,
				CE24FD6E2A868EA3005C9FB6 /* FullScreenCoverItemOnDismissContent.swift */,
			);
			path = FullScreenCover;
			sourceTree = "<group>";
		};
		CE3ABDD92A8E64240065CE5D /* Popover */ = {
			isa = PBXGroup;
			children = (
				CE3ABDD52A8CE19F0065CE5D /* PopoverExample.swift */,
				CE3ABDD72A8E628D0065CE5D /* PopoverExampleItem.swift */,
			);
			path = Popover;
			sourceTree = "<group>";
		};
		CEA3EE242A702FC400E829DA = {
			isa = PBXGroup;
			children = (
				CEA3EE2F2A702FC400E829DA /* DocsExample */,
				CEA3EE2E2A702FC400E829DA /* Products */,
			);
			sourceTree = "<group>";
		};
		CEA3EE2E2A702FC400E829DA /* Products */ = {
			isa = PBXGroup;
			children = (
				CEA3EE2D2A702FC400E829DA /* DocsExample.app */,
			);
			name = Products;
			sourceTree = "<group>";
		};
		CEA3EE2F2A702FC400E829DA /* DocsExample */ = {
			isa = PBXGroup;
			children = (
				CEA3EE302A702FC400E829DA /* DocsExampleApp.swift */,
				CEA3EE322A702FC400E829DA /* ContentView.swift */,
				CE3ABDDA2A8FB6DA0065CE5D /* PresentationInteractiveDismiss.swift */,
				CEE2EF9E2A90B37900391EA9 /* PresentationDetents.swift */,
				CEB38C222A9397EC00F2C118 /* PresentationBackground.swift */,
				CE24FD662A857505005C9FB6 /* Assets.xcassets */,
				CE3ABDD92A8E64240065CE5D /* Popover */,
				CE24FD702A8691F4005C9FB6 /* Sheets */,
				CE24FD712A869207005C9FB6 /* FullScreenCover */,
				CE10886C2A7BE13300689958 /* ConfirmationDialog */,
				CEA3EE522A72E26C00E829DA /* Alerts */,
				CEA3EE362A702FC700E829DA /* Preview Content */,
			);
			path = DocsExample;
			sourceTree = "<group>";
		};
		CEA3EE362A702FC700E829DA /* Preview Content */ = {
			isa = PBXGroup;
			children = (
				CEA3EE372A702FC700E829DA /* Preview Assets.xcassets */,
			);
			path = "Preview Content";
			sourceTree = "<group>";
		};
		CEA3EE442A7036CA00E829DA /* AlertWithErrorView */ = {
			isa = PBXGroup;
			children = (
				CEA3EE402A70357300E829DA /* AlertWithErrorView.swift */,
				CEA3EE502A71676D00E829DA /* TicketPurchase.swift */,
				CEA3EE422A7036BC00E829DA /* AlertLocalizedError.swift */,
			);
			path = AlertWithErrorView;
			sourceTree = "<group>";
		};
		CEA3EE4D2A7161C000E829DA /* SaveButton */ = {
			isa = PBXGroup;
			children = (
				CEA3EE4E2A7161DA00E829DA /* SaveButton.swift */,
				CEA3EE4B2A71600C00E829DA /* SaveDetails.swift */,
				CEA3EE492A715F8600E829DA /* AlertDataModel.swift */,
			);
			path = SaveButton;
			sourceTree = "<group>";
		};
		CEA3EE522A72E26C00E829DA /* Alerts */ = {
			isa = PBXGroup;
			children = (
				CEA3EE452A71561300E829DA /* AlertMessageView.swift */,
				CEA3EE4D2A7161C000E829DA /* SaveButton */,
				CEA3EE442A7036CA00E829DA /* AlertWithErrorView */,
			);
			path = Alerts;
			sourceTree = "<group>";
		};
/* End PBXGroup section */

/* Begin PBXNativeTarget section */
		CEA3EE2C2A702FC400E829DA /* DocsExample */ = {
			isa = PBXNativeTarget;
			buildConfigurationList = CEA3EE3B2A702FC700E829DA /* Build configuration list for PBXNativeTarget "DocsExample" */;
			buildPhases = (
				CEA3EE292A702FC400E829DA /* Sources */,
				CEA3EE2A2A702FC400E829DA /* Frameworks */,
				CEA3EE2B2A702FC400E829DA /* Resources */,
			);
			buildRules = (
			);
			dependencies = (
			);
			name = DocsExample;
			productName = DocsExample;
			productReference = CEA3EE2D2A702FC400E829DA /* DocsExample.app */;
			productType = "com.apple.product-type.application";
		};
/* End PBXNativeTarget section */

/* Begin PBXProject section */
		CEA3EE252A702FC400E829DA /* Project object */ = {
			isa = PBXProject;
			attributes = {
				BuildIndependentTargetsInParallel = 1;
				LastSwiftUpdateCheck = 1430;
				LastUpgradeCheck = 1430;
				TargetAttributes = {
					CEA3EE2C2A702FC400E829DA = {
						CreatedOnToolsVersion = 14.3;
					};
				};
			};
			buildConfigurationList = CEA3EE282A702FC400E829DA /* Build configuration list for PBXProject "DocsExample" */;
			compatibilityVersion = "Xcode 14.0";
			developmentRegion = en;
			hasScannedForEncodings = 0;
			knownRegions = (
				en,
				Base,
			);
			mainGroup = CEA3EE242A702FC400E829DA;
			productRefGroup = CEA3EE2E2A702FC400E829DA /* Products */;
			projectDirPath = "";
			projectRoot = "";
			targets = (
				CEA3EE2C2A702FC400E829DA /* DocsExample */,
			);
		};
/* End PBXProject section */

/* Begin PBXResourcesBuildPhase section */
		CEA3EE2B2A702FC400E829DA /* Resources */ = {
			isa = PBXResourcesBuildPhase;
			buildActionMask = 2147483647;
			files = (
				CE24FD672A857505005C9FB6 /* Assets.xcassets in Resources */,
				CEA3EE382A702FC700E829DA /* Preview Assets.xcassets in Resources */,
			);
			runOnlyForDeploymentPostprocessing = 0;
		};
/* End PBXResourcesBuildPhase section */

/* Begin PBXSourcesBuildPhase section */
		CEA3EE292A702FC400E829DA /* Sources */ = {
			isa = PBXSourcesBuildPhase;
			buildActionMask = 2147483647;
			files = (
				CEA3EE4A2A715F8600E829DA /* AlertDataModel.swift in Sources */,
				CE3ABDDB2A8FB6DA0065CE5D /* PresentationInteractiveDismiss.swift in Sources */,
				CEA3EE4C2A71600C00E829DA /* SaveDetails.swift in Sources */,
				CE24FD6D2A86863C005C9FB6 /* FullScreenCover.swift in Sources */,
				CE10886E2A7BE45600689958 /* ConfirmEraseItemsMessage.swift in Sources */,
				CEB38C232A9397EC00F2C118 /* PresentationBackground.swift in Sources */,
				CEA3EE542A72E2CA00E829DA /* ConfirmEraseItems.swift in Sources */,
				CE24FD692A858AE2005C9FB6 /* ShowPartDetail.swift in Sources */,
				CE3ABDD82A8E628D0065CE5D /* PopoverExampleItem.swift in Sources */,
				CEA3EE462A71561300E829DA /* AlertMessageView.swift in Sources */,
				CEA3EE332A702FC400E829DA /* ContentView.swift in Sources */,
				CEA3EE432A7036BD00E829DA /* AlertLocalizedError.swift in Sources */,
				CE24FD6F2A868EA3005C9FB6 /* FullScreenCoverItemOnDismissContent.swift in Sources */,
				CEA3EE512A71676D00E829DA /* TicketPurchase.swift in Sources */,
				CEA3EE312A702FC400E829DA /* DocsExampleApp.swift in Sources */,
				CEE2EF9F2A90B37900391EA9 /* PresentationDetents.swift in Sources */,
				CEA3EE4F2A7161DA00E829DA /* SaveButton.swift in Sources */,
				CEA3EE562A76A04A00E829DA /* ConfirmFileImport.swift in Sources */,
				CE24FD652A857138005C9FB6 /* ShowLicenseAgreement.swift in Sources */,
				CE1088702A7C05B500689958 /* ConfirmFileImportMessage.swift in Sources */,
				CE3ABDD62A8CE19F0065CE5D /* PopoverExample.swift in Sources */,
				CEA3EE412A70357300E829DA /* AlertWithErrorView.swift in Sources */,
			);
			runOnlyForDeploymentPostprocessing = 0;
		};
/* End PBXSourcesBuildPhase section */

/* Begin XCBuildConfiguration section */
		CEA3EE392A702FC700E829DA /* Debug */ = {
			isa = XCBuildConfiguration;
			buildSettings = {
				ALWAYS_SEARCH_USER_PATHS = NO;
				CLANG_ANALYZER_NONNULL = YES;
				CLANG_ANALYZER_NUMBER_OBJECT_CONVERSION = YES_AGGRESSIVE;
				CLANG_CXX_LANGUAGE_STANDARD = "gnu++20";
				CLANG_ENABLE_MODULES = YES;
				CLANG_ENABLE_OBJC_ARC = YES;
				CLANG_ENABLE_OBJC_WEAK = YES;
				CLANG_WARN_BLOCK_CAPTURE_AUTORELEASING = YES;
				CLANG_WARN_BOOL_CONVERSION = YES;
				CLANG_WARN_COMMA = YES;
				CLANG_WARN_CONSTANT_CONVERSION = YES;
				CLANG_WARN_DEPRECATED_OBJC_IMPLEMENTATIONS = YES;
				CLANG_WARN_DIRECT_OBJC_ISA_USAGE = YES_ERROR;
				CLANG_WARN_DOCUMENTATION_COMMENTS = YES;
				CLANG_WARN_EMPTY_BODY = YES;
				CLANG_WARN_ENUM_CONVERSION = YES;
				CLANG_WARN_INFINITE_RECURSION = YES;
				CLANG_WARN_INT_CONVERSION = YES;
				CLANG_WARN_NON_LITERAL_NULL_CONVERSION = YES;
				CLANG_WARN_OBJC_IMPLICIT_RETAIN_SELF = YES;
				CLANG_WARN_OBJC_LITERAL_CONVERSION = YES;
				CLANG_WARN_OBJC_ROOT_CLASS = YES_ERROR;
				CLANG_WARN_QUOTED_INCLUDE_IN_FRAMEWORK_HEADER = YES;
				CLANG_WARN_RANGE_LOOP_ANALYSIS = YES;
				CLANG_WARN_STRICT_PROTOTYPES = YES;
				CLANG_WARN_SUSPICIOUS_MOVE = YES;
				CLANG_WARN_UNGUARDED_AVAILABILITY = YES_AGGRESSIVE;
				CLANG_WARN_UNREACHABLE_CODE = YES;
				CLANG_WARN__DUPLICATE_METHOD_MATCH = YES;
				COPY_PHASE_STRIP = NO;
				DEBUG_INFORMATION_FORMAT = dwarf;
				ENABLE_STRICT_OBJC_MSGSEND = YES;
				ENABLE_TESTABILITY = YES;
				GCC_C_LANGUAGE_STANDARD = gnu11;
				GCC_DYNAMIC_NO_PIC = NO;
				GCC_NO_COMMON_BLOCKS = YES;
				GCC_OPTIMIZATION_LEVEL = 0;
				GCC_PREPROCESSOR_DEFINITIONS = (
					"DEBUG=1",
					"$(inherited)",
				);
				GCC_WARN_64_TO_32_BIT_CONVERSION = YES;
				GCC_WARN_ABOUT_RETURN_TYPE = YES_ERROR;
				GCC_WARN_UNDECLARED_SELECTOR = YES;
				GCC_WARN_UNINITIALIZED_AUTOS = YES_AGGRESSIVE;
				GCC_WARN_UNUSED_FUNCTION = YES;
				GCC_WARN_UNUSED_VARIABLE = YES;
				IPHONEOS_DEPLOYMENT_TARGET = 16.4;
				MTL_ENABLE_DEBUG_INFO = INCLUDE_SOURCE;
				MTL_FAST_MATH = YES;
				ONLY_ACTIVE_ARCH = YES;
				SDKROOT = iphoneos;
				SWIFT_ACTIVE_COMPILATION_CONDITIONS = DEBUG;
				SWIFT_OPTIMIZATION_LEVEL = "-Onone";
			};
			name = Debug;
		};
		CEA3EE3A2A702FC700E829DA /* Release */ = {
			isa = XCBuildConfiguration;
			buildSettings = {
				ALWAYS_SEARCH_USER_PATHS = NO;
				CLANG_ANALYZER_NONNULL = YES;
				CLANG_ANALYZER_NUMBER_OBJECT_CONVERSION = YES_AGGRESSIVE;
				CLANG_CXX_LANGUAGE_STANDARD = "gnu++20";
				CLANG_ENABLE_MODULES = YES;
				CLANG_ENABLE_OBJC_ARC = YES;
				CLANG_ENABLE_OBJC_WEAK = YES;
				CLANG_WARN_BLOCK_CAPTURE_AUTORELEASING = YES;
				CLANG_WARN_BOOL_CONVERSION = YES;
				CLANG_WARN_COMMA = YES;
				CLANG_WARN_CONSTANT_CONVERSION = YES;
				CLANG_WARN_DEPRECATED_OBJC_IMPLEMENTATIONS = YES;
				CLANG_WARN_DIRECT_OBJC_ISA_USAGE = YES_ERROR;
				CLANG_WARN_DOCUMENTATION_COMMENTS = YES;
				CLANG_WARN_EMPTY_BODY = YES;
				CLANG_WARN_ENUM_CONVERSION = YES;
				CLANG_WARN_INFINITE_RECURSION = YES;
				CLANG_WARN_INT_CONVERSION = YES;
				CLANG_WARN_NON_LITERAL_NULL_CONVERSION = YES;
				CLANG_WARN_OBJC_IMPLICIT_RETAIN_SELF = YES;
				CLANG_WARN_OBJC_LITERAL_CONVERSION = YES;
				CLANG_WARN_OBJC_ROOT_CLASS = YES_ERROR;
				CLANG_WARN_QUOTED_INCLUDE_IN_FRAMEWORK_HEADER = YES;
				CLANG_WARN_RANGE_LOOP_ANALYSIS = YES;
				CLANG_WARN_STRICT_PROTOTYPES = YES;
				CLANG_WARN_SUSPICIOUS_MOVE = YES;
				CLANG_WARN_UNGUARDED_AVAILABILITY = YES_AGGRESSIVE;
				CLANG_WARN_UNREACHABLE_CODE = YES;
				CLANG_WARN__DUPLICATE_METHOD_MATCH = YES;
				COPY_PHASE_STRIP = NO;
				DEBUG_INFORMATION_FORMAT = "dwarf-with-dsym";
				ENABLE_NS_ASSERTIONS = NO;
				ENABLE_STRICT_OBJC_MSGSEND = YES;
				GCC_C_LANGUAGE_STANDARD = gnu11;
				GCC_NO_COMMON_BLOCKS = YES;
				GCC_WARN_64_TO_32_BIT_CONVERSION = YES;
				GCC_WARN_ABOUT_RETURN_TYPE = YES_ERROR;
				GCC_WARN_UNDECLARED_SELECTOR = YES;
				GCC_WARN_UNINITIALIZED_AUTOS = YES_AGGRESSIVE;
				GCC_WARN_UNUSED_FUNCTION = YES;
				GCC_WARN_UNUSED_VARIABLE = YES;
				IPHONEOS_DEPLOYMENT_TARGET = 16.4;
				MTL_ENABLE_DEBUG_INFO = NO;
				MTL_FAST_MATH = YES;
				SDKROOT = iphoneos;
				SWIFT_COMPILATION_MODE = wholemodule;
				SWIFT_OPTIMIZATION_LEVEL = "-O";
				VALIDATE_PRODUCT = YES;
			};
			name = Release;
		};
		CEA3EE3C2A702FC700E829DA /* Debug */ = {
			isa = XCBuildConfiguration;
			buildSettings = {
				ASSETCATALOG_COMPILER_APPICON_NAME = AppIcon;
				ASSETCATALOG_COMPILER_GLOBAL_ACCENT_COLOR_NAME = AccentColor;
				CODE_SIGN_STYLE = Automatic;
				CURRENT_PROJECT_VERSION = 1;
				DEVELOPMENT_ASSET_PATHS = "\"DocsExample/Preview Content\"";
				DEVELOPMENT_TEAM = 72QCFK8GSD;
				ENABLE_PREVIEWS = YES;
				GENERATE_INFOPLIST_FILE = YES;
				INFOPLIST_KEY_UIApplicationSceneManifest_Generation = YES;
				INFOPLIST_KEY_UIApplicationSupportsIndirectInputEvents = YES;
				INFOPLIST_KEY_UILaunchScreen_Generation = YES;
				INFOPLIST_KEY_UISupportedInterfaceOrientations_iPad = "UIInterfaceOrientationPortrait UIInterfaceOrientationPortraitUpsideDown UIInterfaceOrientationLandscapeLeft UIInterfaceOrientationLandscapeRight";
				INFOPLIST_KEY_UISupportedInterfaceOrientations_iPhone = "UIInterfaceOrientationPortrait UIInterfaceOrientationLandscapeLeft UIInterfaceOrientationLandscapeRight";
				LD_RUNPATH_SEARCH_PATHS = (
					"$(inherited)",
					"@executable_path/Frameworks",
				);
				MARKETING_VERSION = 1.0;
				PRODUCT_BUNDLE_IDENTIFIER = SwiftUI.Ukraine.DocsExample;
				PRODUCT_NAME = "$(TARGET_NAME)";
				SWIFT_EMIT_LOC_STRINGS = YES;
				SWIFT_VERSION = 5.0;
				TARGETED_DEVICE_FAMILY = "1,2";
			};
			name = Debug;
		};
		CEA3EE3D2A702FC700E829DA /* Release */ = {
			isa = XCBuildConfiguration;
			buildSettings = {
				ASSETCATALOG_COMPILER_APPICON_NAME = AppIcon;
				ASSETCATALOG_COMPILER_GLOBAL_ACCENT_COLOR_NAME = AccentColor;
				CODE_SIGN_STYLE = Automatic;
				CURRENT_PROJECT_VERSION = 1;
				DEVELOPMENT_ASSET_PATHS = "\"DocsExample/Preview Content\"";
				DEVELOPMENT_TEAM = 72QCFK8GSD;
				ENABLE_PREVIEWS = YES;
				GENERATE_INFOPLIST_FILE = YES;
				INFOPLIST_KEY_UIApplicationSceneManifest_Generation = YES;
				INFOPLIST_KEY_UIApplicationSupportsIndirectInputEvents = YES;
				INFOPLIST_KEY_UILaunchScreen_Generation = YES;
				INFOPLIST_KEY_UISupportedInterfaceOrientations_iPad = "UIInterfaceOrientationPortrait UIInterfaceOrientationPortraitUpsideDown UIInterfaceOrientationLandscapeLeft UIInterfaceOrientationLandscapeRight";
				INFOPLIST_KEY_UISupportedInterfaceOrientations_iPhone = "UIInterfaceOrientationPortrait UIInterfaceOrientationLandscapeLeft UIInterfaceOrientationLandscapeRight";
				LD_RUNPATH_SEARCH_PATHS = (
					"$(inherited)",
					"@executable_path/Frameworks",
				);
				MARKETING_VERSION = 1.0;
				PRODUCT_BUNDLE_IDENTIFIER = SwiftUI.Ukraine.DocsExample;
				PRODUCT_NAME = "$(TARGET_NAME)";
				SWIFT_EMIT_LOC_STRINGS = YES;
				SWIFT_VERSION = 5.0;
				TARGETED_DEVICE_FAMILY = "1,2";
			};
			name = Release;
		};
/* End XCBuildConfiguration section */

/* Begin XCConfigurationList section */
		CEA3EE282A702FC400E829DA /* Build configuration list for PBXProject "DocsExample" */ = {
			isa = XCConfigurationList;
			buildConfigurations = (
				CEA3EE392A702FC700E829DA /* Debug */,
				CEA3EE3A2A702FC700E829DA /* Release */,
			);
			defaultConfigurationIsVisible = 0;
			defaultConfigurationName = Release;
		};
		CEA3EE3B2A702FC700E829DA /* Build configuration list for PBXNativeTarget "DocsExample" */ = {
			isa = XCConfigurationList;
			buildConfigurations = (
				CEA3EE3C2A702FC700E829DA /* Debug */,
				CEA3EE3D2A702FC700E829DA /* Release */,
			);
			defaultConfigurationIsVisible = 0;
			defaultConfigurationName = Release;
		};
/* End XCConfigurationList section */
	};
	rootObject = CEA3EE252A702FC400E829DA /* Project object */;
}
